// !$*UTF8*$!
{
	archiveVersion = 1;
	classes = {
	};
	objectVersion = 46;
	objects = {

/* Begin PBXBuildFile section */
		9A0DDAB61EF7B1790032C19E /* main.m in Sources */ = {isa = PBXBuildFile; fileRef = 9A0DDAB51EF7B1790032C19E /* main.m */; };
		9A0DDAB91EF7B1790032C19E /* AppDelegate.m in Sources */ = {isa = PBXBuildFile; fileRef = 9A0DDAB81EF7B1790032C19E /* AppDelegate.m */; };
		9A0DDABC1EF7B1790032C19E /* ViewController.m in Sources */ = {isa = PBXBuildFile; fileRef = 9A0DDABB1EF7B1790032C19E /* ViewController.m */; };
		9A0DDABF1EF7B1790032C19E /* Main.storyboard in Resources */ = {isa = PBXBuildFile; fileRef = 9A0DDABD1EF7B1790032C19E /* Main.storyboard */; };
		9A0DDAC11EF7B1790032C19E /* Assets.xcassets in Resources */ = {isa = PBXBuildFile; fileRef = 9A0DDAC01EF7B1790032C19E /* Assets.xcassets */; };
		9A0DDAC41EF7B1790032C19E /* LaunchScreen.storyboard in Resources */ = {isa = PBXBuildFile; fileRef = 9A0DDAC21EF7B1790032C19E /* LaunchScreen.storyboard */; };
		9A0DDACF1EF7B7C40032C19E /* PopupViewController.m in Sources */ = {isa = PBXBuildFile; fileRef = 9A0DDACE1EF7B7C40032C19E /* PopupViewController.m */; };
		9A0DDAD11EF7BC4E0032C19E /* AlertPopUp.xib in Resources */ = {isa = PBXBuildFile; fileRef = 9A0DDAD01EF7BC4E0032C19E /* AlertPopUp.xib */; };
		9A5520EA1EFA576E005E9541 /* IRANSans.ttf in Resources */ = {isa = PBXBuildFile; fileRef = 9A5520E91EFA576E005E9541 /* IRANSans.ttf */; };
		9A5520EC1EFA5D60005E9541 /* TextFieldPopup.xib in Resources */ = {isa = PBXBuildFile; fileRef = 9A5520EB1EFA5D60005E9541 /* TextFieldPopup.xib */; };
/* End PBXBuildFile section */

/* Begin PBXFileReference section */
		9A0DDAB11EF7B1790032C19E /* Popup.app */ = {isa = PBXFileReference; explicitFileType = wrapper.application; includeInIndex = 0; path = Popup.app; sourceTree = BUILT_PRODUCTS_DIR; };
		9A0DDAB51EF7B1790032C19E /* main.m */ = {isa = PBXFileReference; lastKnownFileType = sourcecode.c.objc; path = main.m; sourceTree = "<group>"; };
		9A0DDAB71EF7B1790032C19E /* AppDelegate.h */ = {isa = PBXFileReference; lastKnownFileType = sourcecode.c.h; path = AppDelegate.h; sourceTree = "<group>"; };
		9A0DDAB81EF7B1790032C19E /* AppDelegate.m */ = {isa = PBXFileReference; lastKnownFileType = sourcecode.c.objc; path = AppDelegate.m; sourceTree = "<group>"; };
		9A0DDABA1EF7B1790032C19E /* ViewController.h */ = {isa = PBXFileReference; lastKnownFileType = sourcecode.c.h; path = ViewController.h; sourceTree = "<group>"; };
		9A0DDABB1EF7B1790032C19E /* ViewController.m */ = {isa = PBXFileReference; lastKnownFileType = sourcecode.c.objc; path = ViewController.m; sourceTree = "<group>"; };
		9A0DDABE1EF7B1790032C19E /* Base */ = {isa = PBXFileReference; lastKnownFileType = file.storyboard; name = Base; path = Base.lproj/Main.storyboard; sourceTree = "<group>"; };
		9A0DDAC01EF7B1790032C19E /* Assets.xcassets */ = {isa = PBXFileReference; lastKnownFileType = folder.assetcatalog; path = Assets.xcassets; sourceTree = "<group>"; };
		9A0DDAC31EF7B1790032C19E /* Base */ = {isa = PBXFileReference; lastKnownFileType = file.storyboard; name = Base; path = Base.lproj/LaunchScreen.storyboard; sourceTree = "<group>"; };
		9A0DDAC51EF7B1790032C19E /* Info.plist */ = {isa = PBXFileReference; lastKnownFileType = text.plist.xml; path = Info.plist; sourceTree = "<group>"; };
		9A0DDACD1EF7B7C40032C19E /* PopupViewController.h */ = {isa = PBXFileReference; fileEncoding = 4; lastKnownFileType = sourcecode.c.h; path = PopupViewController.h; sourceTree = "<group>"; };
		9A0DDACE1EF7B7C40032C19E /* PopupViewController.m */ = {isa = PBXFileReference; fileEncoding = 4; lastKnownFileType = sourcecode.c.objc; path = PopupViewController.m; sourceTree = "<group>"; };
		9A0DDAD01EF7BC4E0032C19E /* AlertPopUp.xib */ = {isa = PBXFileReference; fileEncoding = 4; lastKnownFileType = file.xib; path = AlertPopUp.xib; sourceTree = "<group>"; };
		9A5520E91EFA576E005E9541 /* IRANSans.ttf */ = {isa = PBXFileReference; lastKnownFileType = file; path = IRANSans.ttf; sourceTree = "<group>"; };
		9A5520EB1EFA5D60005E9541 /* TextFieldPopup.xib */ = {isa = PBXFileReference; fileEncoding = 4; lastKnownFileType = file.xib; path = TextFieldPopup.xib; sourceTree = "<group>"; };
/* End PBXFileReference section */

/* Begin PBXFrameworksBuildPhase section */
		9A0DDAAE1EF7B1790032C19E /* Frameworks */ = {
			isa = PBXFrameworksBuildPhase;
			buildActionMask = 2147483647;
			files = (
			);
			runOnlyForDeploymentPostprocessing = 0;
		};
/* End PBXFrameworksBuildPhase section */

/* Begin PBXGroup section */
		9A0DDAA81EF7B1790032C19E = {
			isa = PBXGroup;
			children = (
				9A0DDAB31EF7B1790032C19E /* Popup */,
				9A0DDAB21EF7B1790032C19E /* Products */,
			);
			sourceTree = "<group>";
		};
		9A0DDAB21EF7B1790032C19E /* Products */ = {
			isa = PBXGroup;
			children = (
				9A0DDAB11EF7B1790032C19E /* Popup.app */,
			);
			name = Products;
			sourceTree = "<group>";
		};
		9A0DDAB31EF7B1790032C19E /* Popup */ = {
			isa = PBXGroup;
			children = (
				9A0DDAB71EF7B1790032C19E /* AppDelegate.h */,
				9A0DDAB81EF7B1790032C19E /* AppDelegate.m */,
				9A0DDABA1EF7B1790032C19E /* ViewController.h */,
				9A0DDABB1EF7B1790032C19E /* ViewController.m */,
				9A5520E91EFA576E005E9541 /* IRANSans.ttf */,
				9A0DDACD1EF7B7C40032C19E /* PopupViewController.h */,
				9A0DDACE1EF7B7C40032C19E /* PopupViewController.m */,
				9A0DDAD01EF7BC4E0032C19E /* AlertPopUp.xib */,
				9A5520EB1EFA5D60005E9541 /* TextFieldPopup.xib */,
				9A0DDABD1EF7B1790032C19E /* Main.storyboard */,
				9A0DDAC01EF7B1790032C19E /* Assets.xcassets */,
				9A0DDAC21EF7B1790032C19E /* LaunchScreen.storyboard */,
				9A0DDAC51EF7B1790032C19E /* Info.plist */,
				9A0DDAB41EF7B1790032C19E /* Supporting Files */,
			);
			path = Popup;
			sourceTree = "<group>";
		};
		9A0DDAB41EF7B1790032C19E /* Supporting Files */ = {
			isa = PBXGroup;
			children = (
				9A0DDAB51EF7B1790032C19E /* main.m */,
			);
			name = "Supporting Files";
			sourceTree = "<group>";
		};
/* End PBXGroup section */

/* Begin PBXNativeTarget section */
		9A0DDAB01EF7B1790032C19E /* Popup */ = {
			isa = PBXNativeTarget;
			buildConfigurationList = 9A0DDAC81EF7B1790032C19E /* Build configuration list for PBXNativeTarget "Popup" */;
			buildPhases = (
				9A0DDAAD1EF7B1790032C19E /* Sources */,
				9A0DDAAE1EF7B1790032C19E /* Frameworks */,
				9A0DDAAF1EF7B1790032C19E /* Resources */,
			);
			buildRules = (
			);
			dependencies = (
			);
			name = Popup;
			productName = Popup;
			productReference = 9A0DDAB11EF7B1790032C19E /* Popup.app */;
			productType = "com.apple.product-type.application";
		};
/* End PBXNativeTarget section */

/* Begin PBXProject section */
		9A0DDAA91EF7B1790032C19E /* Project object */ = {
			isa = PBXProject;
			attributes = {
				LastUpgradeCheck = 0830;
				ORGANIZATIONNAME = MacMini;
				TargetAttributes = {
					9A0DDAB01EF7B1790032C19E = {
						CreatedOnToolsVersion = 8.3.2;
						ProvisioningStyle = Manual;
					};
				};
			};
			buildConfigurationList = 9A0DDAAC1EF7B1790032C19E /* Build configuration list for PBXProject "Popup" */;
			compatibilityVersion = "Xcode 3.2";
			developmentRegion = English;
			hasScannedForEncodings = 0;
			knownRegions = (
				en,
				Base,
			);
			mainGroup = 9A0DDAA81EF7B1790032C19E;
			productRefGroup = 9A0DDAB21EF7B1790032C19E /* Products */;
			projectDirPath = "";
			projectRoot = "";
			targets = (
				9A0DDAB01EF7B1790032C19E /* Popup */,
			);
		};
/* End PBXProject section */

/* Begin PBXResourcesBuildPhase section */
		9A0DDAAF1EF7B1790032C19E /* Resources */ = {
			isa = PBXResourcesBuildPhase;
			buildActionMask = 2147483647;
			files = (
				9A5520EC1EFA5D60005E9541 /* TextFieldPopup.xib in Resources */,
				9A0DDAC41EF7B1790032C19E /* LaunchScreen.storyboard in Resources */,
				9A5520EA1EFA576E005E9541 /* IRANSans.ttf in Resources */,
				9A0DDAC11EF7B1790032C19E /* Assets.xcassets in Resources */,
				9A0DDABF1EF7B1790032C19E /* Main.storyboard in Resources */,
				9A0DDAD11EF7BC4E0032C19E /* AlertPopUp.xib in Resources */,
			);
			runOnlyForDeploymentPostprocessing = 0;
		};
/* End PBXResourcesBuildPhase section */

/* Begin PBXSourcesBuildPhase section */
		9A0DDAAD1EF7B1790032C19E /* Sources */ = {
			isa = PBXSourcesBuildPhase;
			buildActionMask = 2147483647;
			files = (
				9A0DDABC1EF7B1790032C19E /* ViewController.m in Sources */,
				9A0DDAB91EF7B1790032C19E /* AppDelegate.m in Sources */,
				9A0DDAB61EF7B1790032C19E /* main.m in Sources */,
				9A0DDACF1EF7B7C40032C19E /* PopupViewController.m in Sources */,
			);
			runOnlyForDeploymentPostprocessing = 0;
		};
/* End PBXSourcesBuildPhase section */

/* Begin PBXVariantGroup section */
		9A0DDABD1EF7B1790032C19E /* Main.storyboard */ = {
			isa = PBXVariantGroup;
			children = (
				9A0DDABE1EF7B1790032C19E /* Base */,
			);
			name = Main.storyboard;
			sourceTree = "<group>";
		};
		9A0DDAC21EF7B1790032C19E /* LaunchScreen.storyboard */ = {
			isa = PBXVariantGroup;
			children = (
				9A0DDAC31EF7B1790032C19E /* Base */,
			);
			name = LaunchScreen.storyboard;
			sourceTree = "<group>";
		};
/* End PBXVariantGroup section */

/* Begin XCBuildConfiguration section */
		9A0DDAC61EF7B1790032C19E /* Debug */ = {
			isa = XCBuildConfiguration;
			buildSettings = {
				ALWAYS_SEARCH_USER_PATHS = NO;
				CLANG_ANALYZER_NONNULL = YES;
				CLANG_ANALYZER_NUMBER_OBJECT_CONVERSION = YES_AGGRESSIVE;
				CLANG_CXX_LANGUAGE_STANDARD = "gnu++0x";
				CLANG_CXX_LIBRARY = "libc++";
				CLANG_ENABLE_MODULES = YES;
				CLANG_ENABLE_OBJC_ARC = YES;
				CLANG_WARN_BOOL_CONVERSION = YES;
				CLANG_WARN_CONSTANT_CONVERSION = YES;
				CLANG_WARN_DIRECT_OBJC_ISA_USAGE = YES_ERROR;
				CLANG_WARN_DOCUMENTATION_COMMENTS = YES;
				CLANG_WARN_EMPTY_BODY = YES;
				CLANG_WARN_ENUM_CONVERSION = YES;
				CLANG_WARN_INFINITE_RECURSION = YES;
				CLANG_WARN_INT_CONVERSION = YES;
				CLANG_WARN_OBJC_ROOT_CLASS = YES_ERROR;
				CLANG_WARN_SUSPICIOUS_MOVE = YES;
				CLANG_WARN_UNREACHABLE_CODE = YES;
				CLANG_WARN__DUPLICATE_METHOD_MATCH = YES;
				"CODE_SIGN_IDENTITY[sdk=iphoneos*]" = "iPhone Developer";
				COPY_PHASE_STRIP = NO;
				DEBUG_INFORMATION_FORMAT = dwarf;
				ENABLE_STRICT_OBJC_MSGSEND = YES;
				ENABLE_TESTABILITY = YES;
				GCC_C_LANGUAGE_STANDARD = gnu99;
				GCC_DYNAMIC_NO_PIC = NO;
				GCC_NO_COMMON_BLOCKS = YES;
				GCC_OPTIMIZATION_LEVEL = 0;
				GCC_PREPROCESSOR_DEFINITIONS = (
					"DEBUG=1",
					"$(inherited)",
				);
				GCC_WARN_64_TO_32_BIT_CONVERSION = YES;
				GCC_WARN_ABOUT_RETURN_TYPE = YES_ERROR;
				GCC_WARN_UNDECLARED_SELECTOR = YES;
				GCC_WARN_UNINITIALIZED_AUTOS = YES_AGGRESSIVE;
				GCC_WARN_UNUSED_FUNCTION = YES;
				GCC_WARN_UNUSED_VARIABLE = YES;
				IPHONEOS_DEPLOYMENT_TARGET = 10.3;
				MTL_ENABLE_DEBUG_INFO = YES;
				ONLY_ACTIVE_ARCH = YES;
				SDKROOT = iphoneos;
				TARGETED_DEVICE_FAMILY = "1,2";
			};
			name = Debug;
		};
		9A0DDAC71EF7B1790032C19E /* Release */ = {
			isa = XCBuildConfiguration;
			buildSettings = {
				ALWAYS_SEARCH_USER_PATHS = NO;
				CLANG_ANALYZER_NONNULL = YES;
				CLANG_ANALYZER_NUMBER_OBJECT_CONVERSION = YES_AGGRESSIVE;
				CLANG_CXX_LANGUAGE_STANDARD = "gnu++0x";
				CLANG_CXX_LIBRARY = "libc++";
				CLANG_ENABLE_MODULES = YES;
				CLANG_ENABLE_OBJC_ARC = YES;
				CLANG_WARN_BOOL_CONVERSION = YES;
				CLANG_WARN_CONSTANT_CONVERSION = YES;
				CLANG_WARN_DIRECT_OBJC_ISA_USAGE = YES_ERROR;
				CLANG_WARN_DOCUMENTATION_COMMENTS = YES;
				CLANG_WARN_EMPTY_BODY = YES;
				CLANG_WARN_ENUM_CONVERSION = YES;
				CLANG_WARN_INFINITE_RECURSION = YES;
				CLANG_WARN_INT_CONVERSION = YES;
				CLANG_WARN_OBJC_ROOT_CLASS = YES_ERROR;
				CLANG_WARN_SUSPICIOUS_MOVE = YES;
				CLANG_WARN_UNREACHABLE_CODE = YES;
				CLANG_WARN__DUPLICATE_METHOD_MATCH = YES;
				"CODE_SIGN_IDENTITY[sdk=iphoneos*]" = "iPhone Developer";
				COPY_PHASE_STRIP = NO;
				DEBUG_INFORMATION_FORMAT = "dwarf-with-dsym";
				ENABLE_NS_ASSERTIONS = NO;
				ENABLE_STRICT_OBJC_MSGSEND = YES;
				GCC_C_LANGUAGE_STANDARD = gnu99;
				GCC_NO_COMMON_BLOCKS = YES;
				GCC_WARN_64_TO_32_BIT_CONVERSION = YES;
				GCC_WARN_ABOUT_RETURN_TYPE = YES_ERROR;
				GCC_WARN_UNDECLARED_SELECTOR = YES;
				GCC_WARN_UNINITIALIZED_AUTOS = YES_AGGRESSIVE;
				GCC_WARN_UNUSED_FUNCTION = YES;
				GCC_WARN_UNUSED_VARIABLE = YES;
				IPHONEOS_DEPLOYMENT_TARGET = 10.3;
				MTL_ENABLE_DEBUG_INFO = NO;
				SDKROOT = iphoneos;
				TARGETED_DEVICE_FAMILY = "1,2";
				VALIDATE_PRODUCT = YES;
			};
			name = Release;
		};
		9A0DDAC91EF7B1790032C19E /* Debug */ = {
			isa = XCBuildConfiguration;
			buildSettings = {
				ASSETCATALOG_COMPILER_APPICON_NAME = AppIcon;
				DEVELOPMENT_TEAM = "";
				INFOPLIST_FILE = Popup/Info.plist;
				LD_RUNPATH_SEARCH_PATHS = "$(inherited) @executable_path/Frameworks";
				PRODUCT_BUNDLE_IDENTIFIER = fanap.Popup;
				PRODUCT_NAME = "$(TARGET_NAME)";
				PROVISIONING_PROFILE_SPECIFIER = "";
			};
			name = Debug;
		};
		9A0DDACA1EF7B1790032C19E /* Release */ = {
			isa = XCBuildConfiguration;
			buildSettings = {
				ASSETCATALOG_COMPILER_APPICON_NAME = AppIcon;
				DEVELOPMENT_TEAM = "";
				INFOPLIST_FILE = Popup/Info.plist;
				LD_RUNPATH_SEARCH_PATHS = "$(inherited) @executable_path/Frameworks";
				PRODUCT_BUNDLE_IDENTIFIER = fanap.Popup;
				PRODUCT_NAME = "$(TARGET_NAME)";
				PROVISIONING_PROFILE_SPECIFIER = "";
			};
			name = Release;
		};
/* End XCBuildConfiguration section */

/* Begin XCConfigurationList section */
		9A0DDAAC1EF7B1790032C19E /* Build configuration list for PBXProject "Popup" */ = {
			isa = XCConfigurationList;
			buildConfigurations = (
				9A0DDAC61EF7B1790032C19E /* Debug */,
				9A0DDAC71EF7B1790032C19E /* Release */,
			);
			defaultConfigurationIsVisible = 0;
			defaultConfigurationName = Release;
		};
		9A0DDAC81EF7B1790032C19E /* Build configuration list for PBXNativeTarget "Popup" */ = {
			isa = XCConfigurationList;
			buildConfigurations = (
				9A0DDAC91EF7B1790032C19E /* Debug */,
				9A0DDACA1EF7B1790032C19E /* Release */,
			);
			defaultConfigurationIsVisible = 0;
			defaultConfigurationName = Release;
		};
/* End XCConfigurationList section */
	};
	rootObject = 9A0DDAA91EF7B1790032C19E /* Project object */;
}
